
Microsoft Visual Studio Solution File, Format Version 12.00
# Visual Studio 14
VisualStudioVersion = 14.0.25123.0
MinimumVisualStudioVersion = 10.0.40219.1
Project("{FAE04EC0-301F-11D3-BF4B-00C04F79EFBC}") = "SoundPlayer", "SoundPlayer\SoundPlayer.csproj", "{00CD4CB9-585F-4D4C-A349-402EC3DC70AE}"
EndProject
Project("{FAE04EC0-301F-11D3-BF4B-00C04F79EFBC}") = "SoundPlayer.iOS", "iOS\SoundPlayer.iOS.csproj", "{7C41F1F5-A038-4A0D-89F0-D4749FFC3CD9}"
EndProject
Project("{FAE04EC0-301F-11D3-BF4B-00C04F79EFBC}") = "SoundPlayer.Droid", "Droid\SoundPlayer.Droid.csproj", "{7F028777-EE3A-4BC2-B8DF-EB5B5525F947}"
EndProject
Project("{2150E333-8FDC-42A3-9474-1A3956D46DE8}") = "SoundPlayer.Win", "SoundPlayer.Win", "{95E4FD63-D378-4F95-AB36-144C0D6B9C7B}"
EndProject
Project("{D954291E-2A0B-460D-934E-DC6B0785DB48}") = "SoundPlayer.Win.Shared", "SoundPlayer.Win\SoundPlayer.Win.Shared\SoundPlayer.Win.Shared.shproj", "{FD38730F-CB3B-433E-970E-429F4399D66B}"
EndProject
Project("{FAE04EC0-301F-11D3-BF4B-00C04F79EFBC}") = "SoundPlayer.Win.Windows", "SoundPlayer.Win\SoundPlayer.Win.Windows\SoundPlayer.Win.Windows.csproj", "{9B50D226-56CF-467D-B64B-315E2BC03AD2}"
EndProject
Project("{FAE04EC0-301F-11D3-BF4B-00C04F79EFBC}") = "SoundPlayer.Win.WindowsPhone", "SoundPlayer.Win\SoundPlayer.Win.WindowsPhone\SoundPlayer.Win.WindowsPhone.csproj", "{AE3E181C-C5F7-483F-A561-0835AE59B136}"
EndProject
Global
	GlobalSection(SharedMSBuildProjectFiles) = preSolution
		SoundPlayer.Win\SoundPlayer.Win.Shared\SoundPlayer.Win.Shared.projitems*{9b50d226-56cf-467d-b64b-315e2bc03ad2}*SharedItemsImports = 4
		SoundPlayer.Win\SoundPlayer.Win.Shared\SoundPlayer.Win.Shared.projitems*{ae3e181c-c5f7-483f-a561-0835ae59b136}*SharedItemsImports = 4
		SoundPlayer.Win\SoundPlayer.Win.Shared\SoundPlayer.Win.Shared.projitems*{fd38730f-cb3b-433e-970e-429f4399d66b}*SharedItemsImports = 13
	EndGlobalSection
	GlobalSection(SolutionConfigurationPlatforms) = preSolution
		Debug|Any CPU = Debug|Any CPU
		Debug|ARM = Debug|ARM
		Debug|iPhone = Debug|iPhone
		Debug|iPhoneSimulator = Debug|iPhoneSimulator
		Debug|x64 = Debug|x64
		Debug|x86 = Debug|x86
		Release|Any CPU = Release|Any CPU
		Release|ARM = Release|ARM
		Release|iPhone = Release|iPhone
		Release|iPhoneSimulator = Release|iPhoneSimulator
		Release|x64 = Release|x64
		Release|x86 = Release|x86
	EndGlobalSection
	GlobalSection(ProjectConfigurationPlatforms) = postSolution
		{00CD4CB9-585F-4D4C-A349-402EC3DC70AE}.Debug|Any CPU.ActiveCfg = Debug|Any CPU
		{00CD4CB9-585F-4D4C-A349-402EC3DC70AE}.Debug|Any CPU.Build.0 = Debug|Any CPU
		{00CD4CB9-585F-4D4C-A349-402EC3DC70AE}.Debug|ARM.ActiveCfg = Debug|Any CPU
		{00CD4CB9-585F-4D4C-A349-402EC3DC70AE}.Debug|ARM.Build.0 = Debug|Any CPU
		{00CD4CB9-585F-4D4C-A349-402EC3DC70AE}.Debug|iPhone.ActiveCfg = Debug|Any CPU
		{00CD4CB9-585F-4D4C-A349-402EC3DC70AE}.Debug|iPhone.Build.0 = Debug|Any CPU
		{00CD4CB9-585F-4D4C-A349-402EC3DC70AE}.Debug|iPhoneSimulator.ActiveCfg = Debug|Any CPU
		{00CD4CB9-585F-4D4C-A349-402EC3DC70AE}.Debug|iPhoneSimulator.Build.0 = Debug|Any CPU
		{00CD4CB9-585F-4D4C-A349-402EC3DC70AE}.Debug|x64.ActiveCfg = Debug|Any CPU
		{00CD4CB9-585F-4D4C-A349-402EC3DC70AE}.Debug|x64.Build.0 = Debug|Any CPU
		{00CD4CB9-585F-4D4C-A349-402EC3DC70AE}.Debug|x86.ActiveCfg = Debug|Any CPU
		{00CD4CB9-585F-4D4C-A349-402EC3DC70AE}.Debug|x86.Build.0 = Debug|Any CPU
		{00CD4CB9-585F-4D4C-A349-402EC3DC70AE}.Release|Any CPU.ActiveCfg = Release|Any CPU
		{00CD4CB9-585F-4D4C-A349-402EC3DC70AE}.Release|Any CPU.Build.0 = Release|Any CPU
		{00CD4CB9-585F-4D4C-A349-402EC3DC70AE}.Release|ARM.ActiveCfg = Release|Any CPU
		{00CD4CB9-585F-4D4C-A349-402EC3DC70AE}.Release|ARM.Build.0 = Release|Any CPU
		{00CD4CB9-585F-4D4C-A349-402EC3DC70AE}.Release|iPhone.ActiveCfg = Release|Any CPU
		{00CD4CB9-585F-4D4C-A349-402EC3DC70AE}.Release|iPhone.Build.0 = Release|Any CPU
		{00CD4CB9-585F-4D4C-A349-402EC3DC70AE}.Release|iPhoneSimulator.ActiveCfg = Release|Any CPU
		{00CD4CB9-585F-4D4C-A349-402EC3DC70AE}.Release|iPhoneSimulator.Build.0 = Release|Any CPU
		{00CD4CB9-585F-4D4C-A349-402EC3DC70AE}.Release|x64.ActiveCfg = Release|Any CPU
		{00CD4CB9-585F-4D4C-A349-402EC3DC70AE}.Release|x64.Build.0 = Release|Any CPU
		{00CD4CB9-585F-4D4C-A349-402EC3DC70AE}.Release|x86.ActiveCfg = Release|Any CPU
		{00CD4CB9-585F-4D4C-A349-402EC3DC70AE}.Release|x86.Build.0 = Release|Any CPU
		{7C41F1F5-A038-4A0D-89F0-D4749FFC3CD9}.Debug|Any CPU.ActiveCfg = Debug|iPhoneSimulator
		{7C41F1F5-A038-4A0D-89F0-D4749FFC3CD9}.Debug|Any CPU.Build.0 = Debug|iPhoneSimulator
		{7C41F1F5-A038-4A0D-89F0-D4749FFC3CD9}.Debug|ARM.ActiveCfg = Debug|iPhone
		{7C41F1F5-A038-4A0D-89F0-D4749FFC3CD9}.Debug|iPhone.ActiveCfg = Debug|iPhone
		{7C41F1F5-A038-4A0D-89F0-D4749FFC3CD9}.Debug|iPhone.Build.0 = Debug|iPhone
		{7C41F1F5-A038-4A0D-89F0-D4749FFC3CD9}.Debug|iPhoneSimulator.ActiveCfg = Debug|iPhoneSimulator
		{7C41F1F5-A038-4A0D-89F0-D4749FFC3CD9}.Debug|iPhoneSimulator.Build.0 = Debug|iPhoneSimulator
		{7C41F1F5-A038-4A0D-89F0-D4749FFC3CD9}.Debug|x64.ActiveCfg = Debug|iPhone
		{7C41F1F5-A038-4A0D-89F0-D4749FFC3CD9}.Debug|x86.ActiveCfg = Debug|iPhone
		{7C41F1F5-A038-4A0D-89F0-D4749FFC3CD9}.Release|Any CPU.ActiveCfg = Release|iPhone
		{7C41F1F5-A038-4A0D-89F0-D4749FFC3CD9}.Release|Any CPU.Build.0 = Release|iPhone
		{7C41F1F5-A038-4A0D-89F0-D4749FFC3CD9}.Release|ARM.ActiveCfg = Release|iPhoneSimulator
		{7C41F1F5-A038-4A0D-89F0-D4749FFC3CD9}.Release|iPhone.ActiveCfg = Release|iPhone
		{7C41F1F5-A038-4A0D-89F0-D4749FFC3CD9}.Release|iPhone.Build.0 = Release|iPhone
		{7C41F1F5-A038-4A0D-89F0-D4749FFC3CD9}.Release|iPhoneSimulator.ActiveCfg = Release|iPhoneSimulator
		{7C41F1F5-A038-4A0D-89F0-D4749FFC3CD9}.Release|iPhoneSimulator.Build.0 = Release|iPhoneSimulator
		{7C41F1F5-A038-4A0D-89F0-D4749FFC3CD9}.Release|x64.ActiveCfg = Release|iPhoneSimulator
		{7C41F1F5-A038-4A0D-89F0-D4749FFC3CD9}.Release|x86.ActiveCfg = Release|iPhoneSimulator
		{7F028777-EE3A-4BC2-B8DF-EB5B5525F947}.Debug|Any CPU.ActiveCfg = Debug|Any CPU
		{7F028777-EE3A-4BC2-B8DF-EB5B5525F947}.Debug|Any CPU.Build.0 = Debug|Any CPU
		{7F028777-EE3A-4BC2-B8DF-EB5B5525F947}.Debug|ARM.ActiveCfg = Debug|Any CPU
		{7F028777-EE3A-4BC2-B8DF-EB5B5525F947}.Debug|ARM.Build.0 = Debug|Any CPU
		{7F028777-EE3A-4BC2-B8DF-EB5B5525F947}.Debug|ARM.Deploy.0 = Debug|Any CPU
		{7F028777-EE3A-4BC2-B8DF-EB5B5525F947}.Debug|iPhone.ActiveCfg = Debug|Any CPU
		{7F028777-EE3A-4BC2-B8DF-EB5B5525F947}.Debug|iPhone.Build.0 = Debug|Any CPU
		{7F028777-EE3A-4BC2-B8DF-EB5B5525F947}.Debug|iPhoneSimulator.ActiveCfg = Debug|Any CPU
		{7F028777-EE3A-4BC2-B8DF-EB5B5525F947}.Debug|iPhoneSimulator.Build.0 = Debug|Any CPU
		{7F028777-EE3A-4BC2-B8DF-EB5B5525F947}.Debug|x64.ActiveCfg = Debug|Any CPU
		{7F028777-EE3A-4BC2-B8DF-EB5B5525F947}.Debug|x64.Build.0 = Debug|Any CPU
		{7F028777-EE3A-4BC2-B8DF-EB5B5525F947}.Debug|x64.Deploy.0 = Debug|Any CPU
		{7F028777-EE3A-4BC2-B8DF-EB5B5525F947}.Debug|x86.ActiveCfg = Debug|Any CPU
		{7F028777-EE3A-4BC2-B8DF-EB5B5525F947}.Debug|x86.Build.0 = Debug|Any CPU
		{7F028777-EE3A-4BC2-B8DF-EB5B5525F947}.Debug|x86.Deploy.0 = Debug|Any CPU
		{7F028777-EE3A-4BC2-B8DF-EB5B5525F947}.Release|Any CPU.ActiveCfg = Release|Any CPU
		{7F028777-EE3A-4BC2-B8DF-EB5B5525F947}.Release|Any CPU.Build.0 = Release|Any CPU
		{7F028777-EE3A-4BC2-B8DF-EB5B5525F947}.Release|ARM.ActiveCfg = Release|Any CPU
		{7F028777-EE3A-4BC2-B8DF-EB5B5525F947}.Release|ARM.Build.0 = Release|Any CPU
		{7F028777-EE3A-4BC2-B8DF-EB5B5525F947}.Release|ARM.Deploy.0 = Release|Any CPU
		{7F028777-EE3A-4BC2-B8DF-EB5B5525F947}.Release|iPhone.ActiveCfg = Release|Any CPU
		{7F028777-EE3A-4BC2-B8DF-EB5B5525F947}.Release|iPhone.Build.0 = Release|Any CPU
		{7F028777-EE3A-4BC2-B8DF-EB5B5525F947}.Release|iPhoneSimulator.ActiveCfg = Release|Any CPU
		{7F028777-EE3A-4BC2-B8DF-EB5B5525F947}.Release|iPhoneSimulator.Build.0 = Release|Any CPU
		{7F028777-EE3A-4BC2-B8DF-EB5B5525F947}.Release|x64.ActiveCfg = Release|Any CPU
		{7F028777-EE3A-4BC2-B8DF-EB5B5525F947}.Release|x64.Build.0 = Release|Any CPU
		{7F028777-EE3A-4BC2-B8DF-EB5B5525F947}.Release|x64.Deploy.0 = Release|Any CPU
		{7F028777-EE3A-4BC2-B8DF-EB5B5525F947}.Release|x86.ActiveCfg = Release|Any CPU
		{7F028777-EE3A-4BC2-B8DF-EB5B5525F947}.Release|x86.Build.0 = Release|Any CPU
		{7F028777-EE3A-4BC2-B8DF-EB5B5525F947}.Release|x86.Deploy.0 = Release|Any CPU
		{9B50D226-56CF-467D-B64B-315E2BC03AD2}.Debug|Any CPU.ActiveCfg = Debug|Any CPU
		{9B50D226-56CF-467D-B64B-315E2BC03AD2}.Debug|Any CPU.Build.0 = Debug|Any CPU
		{9B50D226-56CF-467D-B64B-315E2BC03AD2}.Debug|Any CPU.Deploy.0 = Debug|Any CPU
		{9B50D226-56CF-467D-B64B-315E2BC03AD2}.Debug|ARM.ActiveCfg = Debug|ARM
		{9B50D226-56CF-467D-B64B-315E2BC03AD2}.Debug|ARM.Build.0 = Debug|ARM
		{9B50D226-56CF-467D-B64B-315E2BC03AD2}.Debug|ARM.Deploy.0 = Debug|ARM
		{9B50D226-56CF-467D-B64B-315E2BC03AD2}.Debug|iPhone.ActiveCfg = Debug|Any CPU
		{9B50D226-56CF-467D-B64B-315E2BC03AD2}.Debug|iPhone.Build.0 = Debug|Any CPU
		{9B50D226-56CF-467D-B64B-315E2BC03AD2}.Debug|iPhone.Deploy.0 = Debug|Any CPU
		{9B50D226-56CF-467D-B64B-315E2BC03AD2}.Debug|iPhoneSimulator.ActiveCfg = Debug|Any CPU
		{9B50D226-56CF-467D-B64B-315E2BC03AD2}.Debug|iPhoneSimulator.Build.0 = Debug|Any CPU
		{9B50D226-56CF-467D-B64B-315E2BC03AD2}.Debug|iPhoneSimulator.Deploy.0 = Debug|Any CPU
		{9B50D226-56CF-467D-B64B-315E2BC03AD2}.Debug|x64.ActiveCfg = Debug|x64
		{9B50D226-56CF-467D-B64B-315E2BC03AD2}.Debug|x64.Build.0 = Debug|x64
		{9B50D226-56CF-467D-B64B-315E2BC03AD2}.Debug|x64.Deploy.0 = Debug|x64
		{9B50D226-56CF-467D-B64B-315E2BC03AD2}.Debug|x86.ActiveCfg = Debug|x86
		{9B50D226-56CF-467D-B64B-315E2BC03AD2}.Debug|x86.Build.0 = Debug|x86
		{9B50D226-56CF-467D-B64B-315E2BC03AD2}.Debug|x86.Deploy.0 = Debug|x86
		{9B50D226-56CF-467D-B64B-315E2BC03AD2}.Release|Any CPU.ActiveCfg = Release|Any CPU
		{9B50D226-56CF-467D-B64B-315E2BC03AD2}.Release|Any CPU.Build.0 = Release|Any CPU
		{9B50D226-56CF-467D-B64B-315E2BC03AD2}.Release|Any CPU.Deploy.0 = Release|Any CPU
		{9B50D226-56CF-467D-B64B-315E2BC03AD2}.Release|ARM.ActiveCfg = Release|ARM
		{9B50D226-56CF-467D-B64B-315E2BC03AD2}.Release|ARM.Build.0 = Release|ARM
		{9B50D226-56CF-467D-B64B-315E2BC03AD2}.Release|ARM.Deploy.0 = Release|ARM
		{9B50D226-56CF-467D-B64B-315E2BC03AD2}.Release|iPhone.ActiveCfg = Release|Any CPU
		{9B50D226-56CF-467D-B64B-315E2BC03AD2}.Release|iPhone.Build.0 = Release|Any CPU
		{9B50D226-56CF-467D-B64B-315E2BC03AD2}.Release|iPhone.Deploy.0 = Release|Any CPU
		{9B50D226-56CF-467D-B64B-315E2BC03AD2}.Release|iPhoneSimulator.ActiveCfg = Release|Any CPU
		{9B50D226-56CF-467D-B64B-315E2BC03AD2}.Release|iPhoneSimulator.Build.0 = Release|Any CPU
		{9B50D226-56CF-467D-B64B-315E2BC03AD2}.Release|iPhoneSimulator.Deploy.0 = Release|Any CPU
		{9B50D226-56CF-467D-B64B-315E2BC03AD2}.Release|x64.ActiveCfg = Release|x64
		{9B50D226-56CF-467D-B64B-315E2BC03AD2}.Release|x64.Build.0 = Release|x64
		{9B50D226-56CF-467D-B64B-315E2BC03AD2}.Release|x64.Deploy.0 = Release|x64
		{9B50D226-56CF-467D-B64B-315E2BC03AD2}.Release|x86.ActiveCfg = Release|x86
		{9B50D226-56CF-467D-B64B-315E2BC03AD2}.Release|x86.Build.0 = Release|x86
		{9B50D226-56CF-467D-B64B-315E2BC03AD2}.Release|x86.Deploy.0 = Release|x86
		{AE3E181C-C5F7-483F-A561-0835AE59B136}.Debug|Any CPU.ActiveCfg = Debug|Any CPU
		{AE3E181C-C5F7-483F-A561-0835AE59B136}.Debug|Any CPU.Build.0 = Debug|Any CPU
		{AE3E181C-C5F7-483F-A561-0835AE59B136}.Debug|Any CPU.Deploy.0 = Debug|Any CPU
		{AE3E181C-C5F7-483F-A561-0835AE59B136}.Debug|ARM.ActiveCfg = Debug|ARM
		{AE3E181C-C5F7-483F-A561-0835AE59B136}.Debug|ARM.Build.0 = Debug|ARM
		{AE3E181C-C5F7-483F-A561-0835AE59B136}.Debug|ARM.Deploy.0 = Debug|ARM
		{AE3E181C-C5F7-483F-A561-0835AE59B136}.Debug|iPhone.ActiveCfg = Debug|Any CPU
		{AE3E181C-C5F7-483F-A561-0835AE59B136}.Debug|iPhone.Build.0 = Debug|Any CPU
		{AE3E181C-C5F7-483F-A561-0835AE59B136}.Debug|iPhone.Deploy.0 = Debug|Any CPU
		{AE3E181C-C5F7-483F-A561-0835AE59B136}.Debug|iPhoneSimulator.ActiveCfg = Debug|Any CPU
		{AE3E181C-C5F7-483F-A561-0835AE59B136}.Debug|iPhoneSimulator.Build.0 = Debug|Any CPU
		{AE3E181C-C5F7-483F-A561-0835AE59B136}.Debug|iPhoneSimulator.Deploy.0 = Debug|Any CPU
		{AE3E181C-C5F7-483F-A561-0835AE59B136}.Debug|x64.ActiveCfg = Debug|Any CPU
		{AE3E181C-C5F7-483F-A561-0835AE59B136}.Debug|x64.Build.0 = Debug|Any CPU
		{AE3E181C-C5F7-483F-A561-0835AE59B136}.Debug|x64.Deploy.0 = Debug|Any CPU
		{AE3E181C-C5F7-483F-A561-0835AE59B136}.Debug|x86.ActiveCfg = Debug|x86
		{AE3E181C-C5F7-483F-A561-0835AE59B136}.Debug|x86.Build.0 = Debug|x86
		{AE3E181C-C5F7-483F-A561-0835AE59B136}.Debug|x86.Deploy.0 = Debug|x86
		{AE3E181C-C5F7-483F-A561-0835AE59B136}.Release|Any CPU.ActiveCfg = Release|Any CPU
		{AE3E181C-C5F7-483F-A561-0835AE59B136}.Release|Any CPU.Build.0 = Release|Any CPU
		{AE3E181C-C5F7-483F-A561-0835AE59B136}.Release|Any CPU.Deploy.0 = Release|Any CPU
		{AE3E181C-C5F7-483F-A561-0835AE59B136}.Release|ARM.ActiveCfg = Release|ARM
		{AE3E181C-C5F7-483F-A561-0835AE59B136}.Release|ARM.Build.0 = Release|ARM
		{AE3E181C-C5F7-483F-A561-0835AE59B136}.Release|ARM.Deploy.0 = Release|ARM
		{AE3E181C-C5F7-483F-A561-0835AE59B136}.Release|iPhone.ActiveCfg = Release|Any CPU
		{AE3E181C-C5F7-483F-A561-0835AE59B136}.Release|iPhone.Build.0 = Release|Any CPU
		{AE3E181C-C5F7-483F-A561-0835AE59B136}.Release|iPhone.Deploy.0 = Release|Any CPU
		{AE3E181C-C5F7-483F-A561-0835AE59B136}.Release|iPhoneSimulator.ActiveCfg = Release|Any CPU
		{AE3E181C-C5F7-483F-A561-0835AE59B136}.Release|iPhoneSimulator.Build.0 = Release|Any CPU
		{AE3E181C-C5F7-483F-A561-0835AE59B136}.Release|iPhoneSimulator.Deploy.0 = Release|Any CPU
		{AE3E181C-C5F7-483F-A561-0835AE59B136}.Release|x64.ActiveCfg = Release|Any CPU
		{AE3E181C-C5F7-483F-A561-0835AE59B136}.Release|x64.Build.0 = Release|Any CPU
		{AE3E181C-C5F7-483F-A561-0835AE59B136}.Release|x64.Deploy.0 = Release|Any CPU
		{AE3E181C-C5F7-483F-A561-0835AE59B136}.Release|x86.ActiveCfg = Release|x86
		{AE3E181C-C5F7-483F-A561-0835AE59B136}.Release|x86.Build.0 = Release|x86
		{AE3E181C-C5F7-483F-A561-0835AE59B136}.Release|x86.Deploy.0 = Release|x86
	EndGlobalSection
	GlobalSection(SolutionProperties) = preSolution
		HideSolutionNode = FALSE
	EndGlobalSection
	GlobalSection(NestedProjects) = preSolution
		{FD38730F-CB3B-433E-970E-429F4399D66B} = {95E4FD63-D378-4F95-AB36-144C0D6B9C7B}
		{9B50D226-56CF-467D-B64B-315E2BC03AD2} = {95E4FD63-D378-4F95-AB36-144C0D6B9C7B}
		{AE3E181C-C5F7-483F-A561-0835AE59B136} = {95E4FD63-D378-4F95-AB36-144C0D6B9C7B}
	EndGlobalSection
EndGlobal
